
Microsoft Visual Studio Solution File, Format Version 12.00
# Visual Studio 15
VisualStudioVersion = 15.0.27004.2006
MinimumVisualStudioVersion = 10.0.40219.1
Project("{FAE04EC0-301F-11D3-BF4B-00C04F79EFBC}") = "AmazonRankDownloader.Console", "AmazonRankDownloader.Console\AmazonRankDownloader.Console.csproj", "{9C483A2A-B7CA-4489-B971-00CE940E271C}"
EndProject
Project("{FAE04EC0-301F-11D3-BF4B-00C04F79EFBC}") = "AmazonRankDownloader", "AmazonRankDownloader\AmazonRankDownloader.csproj", "{B6A2876F-7043-4765-AB32-FD3CEC9507AB}"
EndProject
Global
	GlobalSection(SolutionConfigurationPlatforms) = preSolution
		Debug|Any CPU = Debug|Any CPU
		Release|Any CPU = Release|Any CPU
	EndGlobalSection
	GlobalSection(ProjectConfigurationPlatforms) = postSolution
		{9C483A2A-B7CA-4489-B971-00CE940E271C}.Debug|Any CPU.ActiveCfg = Debug|Any CPU
		{9C483A2A-B7CA-4489-B971-00CE940E271C}.Debug|Any CPU.Build.0 = Debug|Any CPU
		{9C483A2A-B7CA-4489-B971-00CE940E271C}.Release|Any CPU.ActiveCfg = Release|Any CPU
		{9C483A2A-B7CA-4489-B971-00CE940E271C}.Release|Any CPU.Build.0 = Release|Any CPU
		{B6A2876F-7043-4765-AB32-FD3CEC9507AB}.Debug|Any CPU.ActiveCfg = Debug|Any CPU
		{B6A2876F-7043-4765-AB32-FD3CEC9507AB}.Debug|Any CPU.Build.0 = Debug|Any CPU
		{B6A2876F-7043-4765-AB32-FD3CEC9507AB}.Release|Any CPU.ActiveCfg = Release|Any CPU
		{B6A2876F-7043-4765-AB32-FD3CEC9507AB}.Release|Any CPU.Build.0 = Release|Any CPU
	EndGlobalSection
	GlobalSection(SolutionProperties) = preSolution
		HideSolutionNode = FALSE
	EndGlobalSection
	GlobalSection(ExtensibilityGlobals) = postSolution
		SolutionGuid = {C31400A9-97D8-4E4F-A6B3-46C5FF893069}
	EndGlobalSection
EndGlobal
